
Microsoft Visual Studio Solution File, Format Version 12.00
# Visual Studio Version 16
VisualStudioVersion = 16.0.31911.196
MinimumVisualStudioVersion = 10.0.40219.1
Project("{8BC9CEB8-8B4A-11D0-8D11-00A0C91BC942}") = "QyCefVS", "QyCefVS\QyCefVS.vcxproj", "{92180DDB-480D-4423-B47E-76193BE95CA3}"
EndProject
Project("{8BC9CEB8-8B4A-11D0-8D11-00A0C91BC942}") = "QyRender", "QyRender\QyRender.vcxproj", "{5F432088-B8EB-41CD-BEF2-B7BA375552A6}"
EndProject
Global
	GlobalSection(SolutionConfigurationPlatforms) = preSolution
		Debug|x86 = Debug|x86
		Release|x86 = Release|x86
	EndGlobalSection
	GlobalSection(ProjectConfigurationPlatforms) = postSolution
		{92180DDB-480D-4423-B47E-76193BE95CA3}.Debug|x86.ActiveCfg = Debug|Win32
		{92180DDB-480D-4423-B47E-76193BE95CA3}.Debug|x86.Build.0 = Debug|Win32
		{92180DDB-480D-4423-B47E-76193BE95CA3}.Release|x86.ActiveCfg = Release|Win32
		{92180DDB-480D-4423-B47E-76193BE95CA3}.Release|x86.Build.0 = Release|Win32
		{5F432088-B8EB-41CD-BEF2-B7BA375552A6}.Debug|x86.ActiveCfg = Debug|Win32
		{5F432088-B8EB-41CD-BEF2-B7BA375552A6}.Debug|x86.Build.0 = Debug|Win32
		{5F432088-B8EB-41CD-BEF2-B7BA375552A6}.Release|x86.ActiveCfg = Release|Win32
		{5F432088-B8EB-41CD-BEF2-B7BA375552A6}.Release|x86.Build.0 = Release|Win32
	EndGlobalSection
	GlobalSection(SolutionProperties) = preSolution
		HideSolutionNode = FALSE
	EndGlobalSection
	GlobalSection(ExtensibilityGlobals) = postSolution
		SolutionGuid = {6FF2E459-F807-4774-9491-8BBAC44C59A4}
	EndGlobalSection
EndGlobal
